// !$*UTF8*$!
{
	archiveVersion = 1;
	classes = {
	};
	objectVersion = 50;
	objects = {

/* Begin PBXBuildFile section */
		093D106B20BE4BEA006A7052 /* Assets.xcassets in Resources */ = {isa = PBXBuildFile; fileRef = 093D106A20BE4BEA006A7052 /* Assets.xcassets */; };
		093D106E20BE4BEA006A7052 /* Main.storyboard in Resources */ = {isa = PBXBuildFile; fileRef = 093D106C20BE4BEA006A7052 /* Main.storyboard */; };
		093D107B20BE4D06006A7052 /* main.m in Sources */ = {isa = PBXBuildFile; fileRef = 093D107820BE4D06006A7052 /* main.m */; };
		093D107C20BE4D06006A7052 /* GLView.m in Sources */ = {isa = PBXBuildFile; fileRef = 093D107A20BE4D06006A7052 /* GLView.m */; };
		093D107F20BE4D17006A7052 /* AppDelegate.m in Sources */ = {isa = PBXBuildFile; fileRef = 093D107D20BE4D16006A7052 /* AppDelegate.m */; };
/* End PBXBuildFile section */

/* Begin PBXFileReference section */
		093D106120BE4BE7006A7052 /* blue_winodw.app */ = {isa = PBXFileReference; explicitFileType = wrapper.application; includeInIndex = 0; path = blue_winodw.app; sourceTree = BUILT_PRODUCTS_DIR; };
		093D106A20BE4BEA006A7052 /* Assets.xcassets */ = {isa = PBXFileReference; lastKnownFileType = folder.assetcatalog; path = Assets.xcassets; sourceTree = "<group>"; };
		093D106D20BE4BEA006A7052 /* Base */ = {isa = PBXFileReference; lastKnownFileType = file.storyboard; name = Base; path = Base.lproj/Main.storyboard; sourceTree = "<group>"; };
		093D106F20BE4BEA006A7052 /* Info.plist */ = {isa = PBXFileReference; lastKnownFileType = text.plist.xml; path = Info.plist; sourceTree = "<group>"; };
		093D107220BE4BEA006A7052 /* blue_winodw.entitlements */ = {isa = PBXFileReference; lastKnownFileType = text.plist.entitlements; path = blue_winodw.entitlements; sourceTree = "<group>"; };
		093D107820BE4D06006A7052 /* main.m */ = {isa = PBXFileReference; fileEncoding = 4; lastKnownFileType = sourcecode.c.objc; path = main.m; sourceTree = "<group>"; };
		093D107920BE4D06006A7052 /* GLView.h */ = {isa = PBXFileReference; fileEncoding = 4; lastKnownFileType = sourcecode.c.h; path = GLView.h; sourceTree = "<group>"; };
		093D107A20BE4D06006A7052 /* GLView.m */ = {isa = PBXFileReference; fileEncoding = 4; lastKnownFileType = sourcecode.c.objc; path = GLView.m; sourceTree = "<group>"; };
		093D107D20BE4D16006A7052 /* AppDelegate.m */ = {isa = PBXFileReference; fileEncoding = 4; lastKnownFileType = sourcecode.c.objc; path = AppDelegate.m; sourceTree = "<group>"; };
		093D107E20BE4D16006A7052 /* AppDelegate.h */ = {isa = PBXFileReference; fileEncoding = 4; lastKnownFileType = sourcecode.c.h; path = AppDelegate.h; sourceTree = "<group>"; };
/* End PBXFileReference section */

/* Begin PBXFrameworksBuildPhase section */
		093D105E20BE4BE7006A7052 /* Frameworks */ = {
			isa = PBXFrameworksBuildPhase;
			buildActionMask = 2147483647;
			files = (
			);
			runOnlyForDeploymentPostprocessing = 0;
		};
/* End PBXFrameworksBuildPhase section */

/* Begin PBXGroup section */
		093D105820BE4BE7006A7052 = {
			isa = PBXGroup;
			children = (
				093D106320BE4BE7006A7052 /* blue_winodw */,
				093D106220BE4BE7006A7052 /* Products */,
			);
			sourceTree = "<group>";
		};
		093D106220BE4BE7006A7052 /* Products */ = {
			isa = PBXGroup;
			children = (
				093D106120BE4BE7006A7052 /* blue_winodw.app */,
			);
			name = Products;
			sourceTree = "<group>";
		};
		093D106320BE4BE7006A7052 /* blue_winodw */ = {
			isa = PBXGroup;
			children = (
				093D107E20BE4D16006A7052 /* AppDelegate.h */,
				093D107D20BE4D16006A7052 /* AppDelegate.m */,
				093D107820BE4D06006A7052 /* main.m */,
				093D107920BE4D06006A7052 /* GLView.h */,
				093D107A20BE4D06006A7052 /* GLView.m */,
				093D106A20BE4BEA006A7052 /* Assets.xcassets */,
				093D106C20BE4BEA006A7052 /* Main.storyboard */,
				093D106F20BE4BEA006A7052 /* Info.plist */,
				093D107220BE4BEA006A7052 /* blue_winodw.entitlements */,
			);
			path = blue_winodw;
			sourceTree = "<group>";
		};
/* End PBXGroup section */

/* Begin PBXNativeTarget section */
		093D106020BE4BE7006A7052 /* blue_winodw */ = {
			isa = PBXNativeTarget;
			buildConfigurationList = 093D107520BE4BEA006A7052 /* Build configuration list for PBXNativeTarget "blue_winodw" */;
			buildPhases = (
				093D105D20BE4BE7006A7052 /* Sources */,
				093D105E20BE4BE7006A7052 /* Frameworks */,
				093D105F20BE4BE7006A7052 /* Resources */,
			);
			buildRules = (
			);
			dependencies = (
			);
			name = blue_winodw;
			productName = blue_winodw;
			productReference = 093D106120BE4BE7006A7052 /* blue_winodw.app */;
			productType = "com.apple.product-type.application";
		};
/* End PBXNativeTarget section */

/* Begin PBXProject section */
		093D105920BE4BE7006A7052 /* Project object */ = {
			isa = PBXProject;
			attributes = {
				LastUpgradeCheck = 0930;
				TargetAttributes = {
					093D106020BE4BE7006A7052 = {
						CreatedOnToolsVersion = 9.3;
					};
				};
			};
			buildConfigurationList = 093D105C20BE4BE7006A7052 /* Build configuration list for PBXProject "blue_winodw" */;
			compatibilityVersion = "Xcode 9.3";
			developmentRegion = en;
			hasScannedForEncodings = 0;
			knownRegions = (
				en,
				Base,
			);
			mainGroup = 093D105820BE4BE7006A7052;
			productRefGroup = 093D106220BE4BE7006A7052 /* Products */;
			projectDirPath = "";
			projectRoot = "";
			targets = (
				093D106020BE4BE7006A7052 /* blue_winodw */,
			);
		};
/* End PBXProject section */

/* Begin PBXResourcesBuildPhase section */
		093D105F20BE4BE7006A7052 /* Resources */ = {
			isa = PBXResourcesBuildPhase;
			buildActionMask = 2147483647;
			files = (
				093D106B20BE4BEA006A7052 /* Assets.xcassets in Resources */,
				093D106E20BE4BEA006A7052 /* Main.storyboard in Resources */,
			);
			runOnlyForDeploymentPostprocessing = 0;
		};
/* End PBXResourcesBuildPhase section */

/* Begin PBXSourcesBuildPhase section */
		093D105D20BE4BE7006A7052 /* Sources */ = {
			isa = PBXSourcesBuildPhase;
			buildActionMask = 2147483647;
			files = (
				093D107C20BE4D06006A7052 /* GLView.m in Sources */,
				093D107B20BE4D06006A7052 /* main.m in Sources */,
				093D107F20BE4D17006A7052 /* AppDelegate.m in Sources */,
			);
			runOnlyForDeploymentPostprocessing = 0;
		};
/* End PBXSourcesBuildPhase section */

/* Begin PBXVariantGroup section */
		093D106C20BE4BEA006A7052 /* Main.storyboard */ = {
			isa = PBXVariantGroup;
			children = (
				093D106D20BE4BEA006A7052 /* Base */,
			);
			name = Main.storyboard;
			sourceTree = "<group>";
		};
/* End PBXVariantGroup section */

/* Begin XCBuildConfiguration section */
		093D107320BE4BEA006A7052 /* Debug */ = {
			isa = XCBuildConfiguration;
			buildSettings = {
				ALWAYS_SEARCH_USER_PATHS = NO;
				CLANG_ANALYZER_NONNULL = YES;
				CLANG_ANALYZER_NUMBER_OBJECT_CONVERSION = YES_AGGRESSIVE;
				CLANG_CXX_LANGUAGE_STANDARD = "gnu++14";
				CLANG_CXX_LIBRARY = "libc++";
				CLANG_ENABLE_MODULES = YES;
				CLANG_ENABLE_OBJC_ARC = YES;
				CLANG_ENABLE_OBJC_WEAK = YES;
				CLANG_WARN_BLOCK_CAPTURE_AUTORELEASING = YES;
				CLANG_WARN_BOOL_CONVERSION = YES;
				CLANG_WARN_COMMA = YES;
				CLANG_WARN_CONSTANT_CONVERSION = YES;
				CLANG_WARN_DEPRECATED_OBJC_IMPLEMENTATIONS = YES;
				CLANG_WARN_DIRECT_OBJC_ISA_USAGE = YES_ERROR;
				CLANG_WARN_DOCUMENTATION_COMMENTS = YES;
				CLANG_WARN_EMPTY_BODY = YES;
				CLANG_WARN_ENUM_CONVERSION = YES;
				CLANG_WARN_INFINITE_RECURSION = YES;
				CLANG_WARN_INT_CONVERSION = YES;
				CLANG_WARN_NON_LITERAL_NULL_CONVERSION = YES;
				CLANG_WARN_OBJC_IMPLICIT_RETAIN_SELF = YES;
				CLANG_WARN_OBJC_LITERAL_CONVERSION = YES;
				CLANG_WARN_OBJC_ROOT_CLASS = YES_ERROR;
				CLANG_WARN_RANGE_LOOP_ANALYSIS = YES;
				CLANG_WARN_STRICT_PROTOTYPES = YES;
				CLANG_WARN_SUSPICIOUS_MOVE = YES;
				CLANG_WARN_UNGUARDED_AVAILABILITY = YES_AGGRESSIVE;
				CLANG_WARN_UNREACHABLE_CODE = YES;
				CLANG_WARN__DUPLICATE_METHOD_MATCH = YES;
				CODE_SIGN_IDENTITY = "-";
				COPY_PHASE_STRIP = NO;
				DEBUG_INFORMATION_FORMAT = dwarf;
				ENABLE_STRICT_OBJC_MSGSEND = YES;
				ENABLE_TESTABILITY = YES;
				GCC_C_LANGUAGE_STANDARD = gnu11;
				GCC_DYNAMIC_NO_PIC = NO;
				GCC_NO_COMMON_BLOCKS = YES;
				GCC_OPTIMIZATION_LEVEL = 0;
				GCC_PREPROCESSOR_DEFINITIONS = (
					"DEBUG=1",
					"$(inherited)",
				);
				GCC_WARN_64_TO_32_BIT_CONVERSION = YES;
				GCC_WARN_ABOUT_RETURN_TYPE = YES_ERROR;
				GCC_WARN_UNDECLARED_SELECTOR = YES;
				GCC_WARN_UNINITIALIZED_AUTOS = YES_AGGRESSIVE;
				GCC_WARN_UNUSED_FUNCTION = YES;
				GCC_WARN_UNUSED_VARIABLE = YES;
				MACOSX_DEPLOYMENT_TARGET = 10.13;
				MTL_ENABLE_DEBUG_INFO = YES;
				ONLY_ACTIVE_ARCH = YES;
				SDKROOT = macosx;
			};
			name = Debug;
		};
		093D107420BE4BEA006A7052 /* Release */ = {
			isa = XCBuildConfiguration;
			buildSettings = {
				ALWAYS_SEARCH_USER_PATHS = NO;
				CLANG_ANALYZER_NONNULL = YES;
				CLANG_ANALYZER_NUMBER_OBJECT_CONVERSION = YES_AGGRESSIVE;
				CLANG_CXX_LANGUAGE_STANDARD = "gnu++14";
				CLANG_CXX_LIBRARY = "libc++";
				CLANG_ENABLE_MODULES = YES;
				CLANG_ENABLE_OBJC_ARC = YES;
				CLANG_ENABLE_OBJC_WEAK = YES;
				CLANG_WARN_BLOCK_CAPTURE_AUTORELEASING = YES;
				CLANG_WARN_BOOL_CONVERSION = YES;
				CLANG_WARN_COMMA = YES;
				CLANG_WARN_CONSTANT_CONVERSION = YES;
				CLANG_WARN_DEPRECATED_OBJC_IMPLEMENTATIONS = YES;
				CLANG_WARN_DIRECT_OBJC_ISA_USAGE = YES_ERROR;
				CLANG_WARN_DOCUMENTATION_COMMENTS = YES;
				CLANG_WARN_EMPTY_BODY = YES;
				CLANG_WARN_ENUM_CONVERSION = YES;
				CLANG_WARN_INFINITE_RECURSION = YES;
				CLANG_WARN_INT_CONVERSION = YES;
				CLANG_WARN_NON_LITERAL_NULL_CONVERSION = YES;
				CLANG_WARN_OBJC_IMPLICIT_RETAIN_SELF = YES;
				CLANG_WARN_OBJC_LITERAL_CONVERSION = YES;
				CLANG_WARN_OBJC_ROOT_CLASS = YES_ERROR;
				CLANG_WARN_RANGE_LOOP_ANALYSIS = YES;
				CLANG_WARN_STRICT_PROTOTYPES = YES;
				CLANG_WARN_SUSPICIOUS_MOVE = YES;
				CLANG_WARN_UNGUARDED_AVAILABILITY = YES_AGGRESSIVE;
				CLANG_WARN_UNREACHABLE_CODE = YES;
				CLANG_WARN__DUPLICATE_METHOD_MATCH = YES;
				CODE_SIGN_IDENTITY = "-";
				COPY_PHASE_STRIP = NO;
				DEBUG_INFORMATION_FORMAT = "dwarf-with-dsym";
				ENABLE_NS_ASSERTIONS = NO;
				ENABLE_STRICT_OBJC_MSGSEND = YES;
				GCC_C_LANGUAGE_STANDARD = gnu11;
				GCC_NO_COMMON_BLOCKS = YES;
				GCC_WARN_64_TO_32_BIT_CONVERSION = YES;
				GCC_WARN_ABOUT_RETURN_TYPE = YES_ERROR;
				GCC_WARN_UNDECLARED_SELECTOR = YES;
				GCC_WARN_UNINITIALIZED_AUTOS = YES_AGGRESSIVE;
				GCC_WARN_UNUSED_FUNCTION = YES;
				GCC_WARN_UNUSED_VARIABLE = YES;
				MACOSX_DEPLOYMENT_TARGET = 10.13;
				MTL_ENABLE_DEBUG_INFO = NO;
				SDKROOT = macosx;
			};
			name = Release;
		};
		093D107620BE4BEA006A7052 /* Debug */ = {
			isa = XCBuildConfiguration;
			buildSettings = {
				ASSETCATALOG_COMPILER_APPICON_NAME = AppIcon;
				CLANG_ENABLE_OBJC_ARC = NO;
				CODE_SIGN_ENTITLEMENTS = blue_winodw/blue_winodw.entitlements;
				CODE_SIGN_STYLE = Automatic;
				COMBINE_HIDPI_IMAGES = YES;
				INFOPLIST_FILE = blue_winodw/Info.plist;
				LD_RUNPATH_SEARCH_PATHS = (
					"$(inherited)",
					"@executable_path/../Frameworks",
				);
				PRODUCT_BUNDLE_IDENTIFIER = "jcgaikwad.blue-winodw";
				PRODUCT_NAME = "$(TARGET_NAME)";
			};
			name = Debug;
		};
		093D107720BE4BEA006A7052 /* Release */ = {
			isa = XCBuildConfiguration;
			buildSettings = {
				ASSETCATALOG_COMPILER_APPICON_NAME = AppIcon;
				CLANG_ENABLE_OBJC_ARC = NO;
				CODE_SIGN_ENTITLEMENTS = blue_winodw/blue_winodw.entitlements;
				CODE_SIGN_STYLE = Automatic;
				COMBINE_HIDPI_IMAGES = YES;
				INFOPLIST_FILE = blue_winodw/Info.plist;
				LD_RUNPATH_SEARCH_PATHS = (
					"$(inherited)",
					"@executable_path/../Frameworks",
				);
				PRODUCT_BUNDLE_IDENTIFIER = "jcgaikwad.blue-winodw";
				PRODUCT_NAME = "$(TARGET_NAME)";
			};
			name = Release;
		};
/* End XCBuildConfiguration section */

/* Begin XCConfigurationList section */
		093D105C20BE4BE7006A7052 /* Build configuration list for PBXProject "blue_winodw" */ = {
			isa = XCConfigurationList;
			buildConfigurations = (
				093D107320BE4BEA006A7052 /* Debug */,
				093D107420BE4BEA006A7052 /* Release */,
			);
			defaultConfigurationIsVisible = 0;
			defaultConfigurationName = Release;
		};
		093D107520BE4BEA006A7052 /* Build configuration list for PBXNativeTarget "blue_winodw" */ = {
			isa = XCConfigurationList;
			buildConfigurations = (
				093D107620BE4BEA006A7052 /* Debug */,
				093D107720BE4BEA006A7052 /* Release */,
			);
			defaultConfigurationIsVisible = 0;
			defaultConfigurationName = Release;
		};
/* End XCConfigurationList section */
	};
	rootObject = 093D105920BE4BE7006A7052 /* Project object */;
}
