// !$*UTF8*$!
{
	archiveVersion = 1;
	classes = {
	};
	objectVersion = 50;
	objects = {

/* Begin PBXBuildFile section */
		096E912020F45E9F009D93E8 /* AppDelegate.m in Sources */ = {isa = PBXBuildFile; fileRef = 096E911F20F45E9F009D93E8 /* AppDelegate.m */; };
		096E912320F45E9F009D93E8 /* ViewController.m in Sources */ = {isa = PBXBuildFile; fileRef = 096E912220F45E9F009D93E8 /* ViewController.m */; };
		096E912620F45E9F009D93E8 /* Main.storyboard in Resources */ = {isa = PBXBuildFile; fileRef = 096E912420F45E9F009D93E8 /* Main.storyboard */; };
		096E912820F45EA2009D93E8 /* Assets.xcassets in Resources */ = {isa = PBXBuildFile; fileRef = 096E912720F45EA2009D93E8 /* Assets.xcassets */; };
		096E912B20F45EA2009D93E8 /* LaunchScreen.storyboard in Resources */ = {isa = PBXBuildFile; fileRef = 096E912920F45EA2009D93E8 /* LaunchScreen.storyboard */; };
		096E912E20F45EA2009D93E8 /* main.m in Sources */ = {isa = PBXBuildFile; fileRef = 096E912D20F45EA2009D93E8 /* main.m */; };
		096E913520F45FE3009D93E8 /* Default-568h@2x.png in Resources */ = {isa = PBXBuildFile; fileRef = 096E913420F45FE3009D93E8 /* Default-568h@2x.png */; };
		096E913920F46848009D93E8 /* MyView.m in Sources */ = {isa = PBXBuildFile; fileRef = 096E913820F46848009D93E8 /* MyView.m */; };
/* End PBXBuildFile section */

/* Begin PBXFileReference section */
		096E911B20F45E9F009D93E8 /* FirstWindow.app */ = {isa = PBXFileReference; explicitFileType = wrapper.application; includeInIndex = 0; path = FirstWindow.app; sourceTree = BUILT_PRODUCTS_DIR; };
		096E911E20F45E9F009D93E8 /* AppDelegate.h */ = {isa = PBXFileReference; lastKnownFileType = sourcecode.c.h; path = AppDelegate.h; sourceTree = "<group>"; };
		096E911F20F45E9F009D93E8 /* AppDelegate.m */ = {isa = PBXFileReference; lastKnownFileType = sourcecode.c.objc; path = AppDelegate.m; sourceTree = "<group>"; };
		096E912120F45E9F009D93E8 /* ViewController.h */ = {isa = PBXFileReference; lastKnownFileType = sourcecode.c.h; path = ViewController.h; sourceTree = "<group>"; };
		096E912220F45E9F009D93E8 /* ViewController.m */ = {isa = PBXFileReference; lastKnownFileType = sourcecode.c.objc; path = ViewController.m; sourceTree = "<group>"; };
		096E912520F45E9F009D93E8 /* Base */ = {isa = PBXFileReference; lastKnownFileType = file.storyboard; name = Base; path = Base.lproj/Main.storyboard; sourceTree = "<group>"; };
		096E912720F45EA2009D93E8 /* Assets.xcassets */ = {isa = PBXFileReference; lastKnownFileType = folder.assetcatalog; path = Assets.xcassets; sourceTree = "<group>"; };
		096E912A20F45EA2009D93E8 /* Base */ = {isa = PBXFileReference; lastKnownFileType = file.storyboard; name = Base; path = Base.lproj/LaunchScreen.storyboard; sourceTree = "<group>"; };
		096E912C20F45EA2009D93E8 /* Info.plist */ = {isa = PBXFileReference; lastKnownFileType = text.plist.xml; path = Info.plist; sourceTree = "<group>"; };
		096E912D20F45EA2009D93E8 /* main.m */ = {isa = PBXFileReference; lastKnownFileType = sourcecode.c.objc; path = main.m; sourceTree = "<group>"; };
		096E913420F45FE3009D93E8 /* Default-568h@2x.png */ = {isa = PBXFileReference; lastKnownFileType = image.png; path = "Default-568h@2x.png"; sourceTree = "<group>"; };
		096E913720F46848009D93E8 /* MyView.h */ = {isa = PBXFileReference; lastKnownFileType = sourcecode.c.h; path = MyView.h; sourceTree = "<group>"; };
		096E913820F46848009D93E8 /* MyView.m */ = {isa = PBXFileReference; lastKnownFileType = sourcecode.c.objc; path = MyView.m; sourceTree = "<group>"; };
/* End PBXFileReference section */

/* Begin PBXFrameworksBuildPhase section */
		096E911820F45E9F009D93E8 /* Frameworks */ = {
			isa = PBXFrameworksBuildPhase;
			buildActionMask = 2147483647;
			files = (
			);
			runOnlyForDeploymentPostprocessing = 0;
		};
/* End PBXFrameworksBuildPhase section */

/* Begin PBXGroup section */
		096E911220F45E9F009D93E8 = {
			isa = PBXGroup;
			children = (
				096E913420F45FE3009D93E8 /* Default-568h@2x.png */,
				096E911D20F45E9F009D93E8 /* FirstWindow */,
				096E911C20F45E9F009D93E8 /* Products */,
			);
			sourceTree = "<group>";
		};
		096E911C20F45E9F009D93E8 /* Products */ = {
			isa = PBXGroup;
			children = (
				096E911B20F45E9F009D93E8 /* FirstWindow.app */,
			);
			name = Products;
			sourceTree = "<group>";
		};
		096E911D20F45E9F009D93E8 /* FirstWindow */ = {
			isa = PBXGroup;
			children = (
				096E911E20F45E9F009D93E8 /* AppDelegate.h */,
				096E911F20F45E9F009D93E8 /* AppDelegate.m */,
				096E912120F45E9F009D93E8 /* ViewController.h */,
				096E912220F45E9F009D93E8 /* ViewController.m */,
				096E913720F46848009D93E8 /* MyView.h */,
				096E913820F46848009D93E8 /* MyView.m */,
				096E912420F45E9F009D93E8 /* Main.storyboard */,
				096E912720F45EA2009D93E8 /* Assets.xcassets */,
				096E912920F45EA2009D93E8 /* LaunchScreen.storyboard */,
				096E912C20F45EA2009D93E8 /* Info.plist */,
				096E912D20F45EA2009D93E8 /* main.m */,
				096E913620F4605F009D93E8 /* Resources */,
			);
			path = FirstWindow;
			sourceTree = "<group>";
		};
		096E913620F4605F009D93E8 /* Resources */ = {
			isa = PBXGroup;
			children = (
			);
			path = Resources;
			sourceTree = "<group>";
		};
/* End PBXGroup section */

/* Begin PBXNativeTarget section */
		096E911A20F45E9F009D93E8 /* FirstWindow */ = {
			isa = PBXNativeTarget;
			buildConfigurationList = 096E913120F45EA2009D93E8 /* Build configuration list for PBXNativeTarget "FirstWindow" */;
			buildPhases = (
				096E911720F45E9F009D93E8 /* Sources */,
				096E911820F45E9F009D93E8 /* Frameworks */,
				096E911920F45E9F009D93E8 /* Resources */,
			);
			buildRules = (
			);
			dependencies = (
			);
			name = FirstWindow;
			productName = FirstWindow;
			productReference = 096E911B20F45E9F009D93E8 /* FirstWindow.app */;
			productType = "com.apple.product-type.application";
		};
/* End PBXNativeTarget section */

/* Begin PBXProject section */
		096E911320F45E9F009D93E8 /* Project object */ = {
			isa = PBXProject;
			attributes = {
				LastUpgradeCheck = 0930;
				TargetAttributes = {
					096E911A20F45E9F009D93E8 = {
						CreatedOnToolsVersion = 9.3;
					};
				};
			};
			buildConfigurationList = 096E911620F45E9F009D93E8 /* Build configuration list for PBXProject "FirstWindow" */;
			compatibilityVersion = "Xcode 9.3";
			developmentRegion = en;
			hasScannedForEncodings = 0;
			knownRegions = (
				en,
				Base,
			);
			mainGroup = 096E911220F45E9F009D93E8;
			productRefGroup = 096E911C20F45E9F009D93E8 /* Products */;
			projectDirPath = "";
			projectRoot = "";
			targets = (
				096E911A20F45E9F009D93E8 /* FirstWindow */,
			);
		};
/* End PBXProject section */

/* Begin PBXResourcesBuildPhase section */
		096E911920F45E9F009D93E8 /* Resources */ = {
			isa = PBXResourcesBuildPhase;
			buildActionMask = 2147483647;
			files = (
				096E912B20F45EA2009D93E8 /* LaunchScreen.storyboard in Resources */,
				096E913520F45FE3009D93E8 /* Default-568h@2x.png in Resources */,
				096E912820F45EA2009D93E8 /* Assets.xcassets in Resources */,
				096E912620F45E9F009D93E8 /* Main.storyboard in Resources */,
			);
			runOnlyForDeploymentPostprocessing = 0;
		};
/* End PBXResourcesBuildPhase section */

/* Begin PBXSourcesBuildPhase section */
		096E911720F45E9F009D93E8 /* Sources */ = {
			isa = PBXSourcesBuildPhase;
			buildActionMask = 2147483647;
			files = (
				096E913920F46848009D93E8 /* MyView.m in Sources */,
				096E912320F45E9F009D93E8 /* ViewController.m in Sources */,
				096E912E20F45EA2009D93E8 /* main.m in Sources */,
				096E912020F45E9F009D93E8 /* AppDelegate.m in Sources */,
			);
			runOnlyForDeploymentPostprocessing = 0;
		};
/* End PBXSourcesBuildPhase section */

/* Begin PBXVariantGroup section */
		096E912420F45E9F009D93E8 /* Main.storyboard */ = {
			isa = PBXVariantGroup;
			children = (
				096E912520F45E9F009D93E8 /* Base */,
			);
			name = Main.storyboard;
			sourceTree = "<group>";
		};
		096E912920F45EA2009D93E8 /* LaunchScreen.storyboard */ = {
			isa = PBXVariantGroup;
			children = (
				096E912A20F45EA2009D93E8 /* Base */,
			);
			name = LaunchScreen.storyboard;
			sourceTree = "<group>";
		};
/* End PBXVariantGroup section */

/* Begin XCBuildConfiguration section */
		096E912F20F45EA2009D93E8 /* Debug */ = {
			isa = XCBuildConfiguration;
			buildSettings = {
				ALWAYS_SEARCH_USER_PATHS = NO;
				CLANG_ANALYZER_NONNULL = YES;
				CLANG_ANALYZER_NUMBER_OBJECT_CONVERSION = YES_AGGRESSIVE;
				CLANG_CXX_LANGUAGE_STANDARD = "gnu++14";
				CLANG_CXX_LIBRARY = "libc++";
				CLANG_ENABLE_MODULES = YES;
				CLANG_ENABLE_OBJC_ARC = YES;
				CLANG_ENABLE_OBJC_WEAK = YES;
				CLANG_WARN_BLOCK_CAPTURE_AUTORELEASING = YES;
				CLANG_WARN_BOOL_CONVERSION = YES;
				CLANG_WARN_COMMA = YES;
				CLANG_WARN_CONSTANT_CONVERSION = YES;
				CLANG_WARN_DEPRECATED_OBJC_IMPLEMENTATIONS = YES;
				CLANG_WARN_DIRECT_OBJC_ISA_USAGE = YES_ERROR;
				CLANG_WARN_DOCUMENTATION_COMMENTS = YES;
				CLANG_WARN_EMPTY_BODY = YES;
				CLANG_WARN_ENUM_CONVERSION = YES;
				CLANG_WARN_INFINITE_RECURSION = YES;
				CLANG_WARN_INT_CONVERSION = YES;
				CLANG_WARN_NON_LITERAL_NULL_CONVERSION = YES;
				CLANG_WARN_OBJC_IMPLICIT_RETAIN_SELF = YES;
				CLANG_WARN_OBJC_LITERAL_CONVERSION = YES;
				CLANG_WARN_OBJC_ROOT_CLASS = YES_ERROR;
				CLANG_WARN_RANGE_LOOP_ANALYSIS = YES;
				CLANG_WARN_STRICT_PROTOTYPES = YES;
				CLANG_WARN_SUSPICIOUS_MOVE = YES;
				CLANG_WARN_UNGUARDED_AVAILABILITY = YES_AGGRESSIVE;
				CLANG_WARN_UNREACHABLE_CODE = YES;
				CLANG_WARN__DUPLICATE_METHOD_MATCH = YES;
				CODE_SIGN_IDENTITY = "iPhone Developer";
				COPY_PHASE_STRIP = NO;
				DEBUG_INFORMATION_FORMAT = dwarf;
				ENABLE_STRICT_OBJC_MSGSEND = YES;
				ENABLE_TESTABILITY = YES;
				GCC_C_LANGUAGE_STANDARD = gnu11;
				GCC_DYNAMIC_NO_PIC = NO;
				GCC_NO_COMMON_BLOCKS = YES;
				GCC_OPTIMIZATION_LEVEL = 0;
				GCC_PREPROCESSOR_DEFINITIONS = (
					"DEBUG=1",
					"$(inherited)",
				);
				GCC_WARN_64_TO_32_BIT_CONVERSION = YES;
				GCC_WARN_ABOUT_RETURN_TYPE = YES_ERROR;
				GCC_WARN_UNDECLARED_SELECTOR = YES;
				GCC_WARN_UNINITIALIZED_AUTOS = YES_AGGRESSIVE;
				GCC_WARN_UNUSED_FUNCTION = YES;
				GCC_WARN_UNUSED_VARIABLE = YES;
				IPHONEOS_DEPLOYMENT_TARGET = 11.3;
				MTL_ENABLE_DEBUG_INFO = YES;
				ONLY_ACTIVE_ARCH = YES;
				SDKROOT = iphoneos;
			};
			name = Debug;
		};
		096E913020F45EA2009D93E8 /* Release */ = {
			isa = XCBuildConfiguration;
			buildSettings = {
				ALWAYS_SEARCH_USER_PATHS = NO;
				CLANG_ANALYZER_NONNULL = YES;
				CLANG_ANALYZER_NUMBER_OBJECT_CONVERSION = YES_AGGRESSIVE;
				CLANG_CXX_LANGUAGE_STANDARD = "gnu++14";
				CLANG_CXX_LIBRARY = "libc++";
				CLANG_ENABLE_MODULES = YES;
				CLANG_ENABLE_OBJC_ARC = YES;
				CLANG_ENABLE_OBJC_WEAK = YES;
				CLANG_WARN_BLOCK_CAPTURE_AUTORELEASING = YES;
				CLANG_WARN_BOOL_CONVERSION = YES;
				CLANG_WARN_COMMA = YES;
				CLANG_WARN_CONSTANT_CONVERSION = YES;
				CLANG_WARN_DEPRECATED_OBJC_IMPLEMENTATIONS = YES;
				CLANG_WARN_DIRECT_OBJC_ISA_USAGE = YES_ERROR;
				CLANG_WARN_DOCUMENTATION_COMMENTS = YES;
				CLANG_WARN_EMPTY_BODY = YES;
				CLANG_WARN_ENUM_CONVERSION = YES;
				CLANG_WARN_INFINITE_RECURSION = YES;
				CLANG_WARN_INT_CONVERSION = YES;
				CLANG_WARN_NON_LITERAL_NULL_CONVERSION = YES;
				CLANG_WARN_OBJC_IMPLICIT_RETAIN_SELF = YES;
				CLANG_WARN_OBJC_LITERAL_CONVERSION = YES;
				CLANG_WARN_OBJC_ROOT_CLASS = YES_ERROR;
				CLANG_WARN_RANGE_LOOP_ANALYSIS = YES;
				CLANG_WARN_STRICT_PROTOTYPES = YES;
				CLANG_WARN_SUSPICIOUS_MOVE = YES;
				CLANG_WARN_UNGUARDED_AVAILABILITY = YES_AGGRESSIVE;
				CLANG_WARN_UNREACHABLE_CODE = YES;
				CLANG_WARN__DUPLICATE_METHOD_MATCH = YES;
				CODE_SIGN_IDENTITY = "iPhone Developer";
				COPY_PHASE_STRIP = NO;
				DEBUG_INFORMATION_FORMAT = "dwarf-with-dsym";
				ENABLE_NS_ASSERTIONS = NO;
				ENABLE_STRICT_OBJC_MSGSEND = YES;
				GCC_C_LANGUAGE_STANDARD = gnu11;
				GCC_NO_COMMON_BLOCKS = YES;
				GCC_WARN_64_TO_32_BIT_CONVERSION = YES;
				GCC_WARN_ABOUT_RETURN_TYPE = YES_ERROR;
				GCC_WARN_UNDECLARED_SELECTOR = YES;
				GCC_WARN_UNINITIALIZED_AUTOS = YES_AGGRESSIVE;
				GCC_WARN_UNUSED_FUNCTION = YES;
				GCC_WARN_UNUSED_VARIABLE = YES;
				IPHONEOS_DEPLOYMENT_TARGET = 11.3;
				MTL_ENABLE_DEBUG_INFO = NO;
				SDKROOT = iphoneos;
				VALIDATE_PRODUCT = YES;
			};
			name = Release;
		};
		096E913220F45EA2009D93E8 /* Debug */ = {
			isa = XCBuildConfiguration;
			buildSettings = {
				ASSETCATALOG_COMPILER_APPICON_NAME = AppIcon;
				CLANG_ENABLE_OBJC_ARC = NO;
				CODE_SIGN_STYLE = Manual;
				DEVELOPMENT_TEAM = "";
				INFOPLIST_FILE = FirstWindow/Info.plist;
				LD_RUNPATH_SEARCH_PATHS = (
					"$(inherited)",
					"@executable_path/Frameworks",
				);
				PRODUCT_BUNDLE_IDENTIFIER = jcgaikwad.FirstWindow;
				PRODUCT_NAME = "$(TARGET_NAME)";
				PROVISIONING_PROFILE_SPECIFIER = "";
				TARGETED_DEVICE_FAMILY = 1;
			};
			name = Debug;
		};
		096E913320F45EA2009D93E8 /* Release */ = {
			isa = XCBuildConfiguration;
			buildSettings = {
				ASSETCATALOG_COMPILER_APPICON_NAME = AppIcon;
				CLANG_ENABLE_OBJC_ARC = NO;
				CODE_SIGN_STYLE = Manual;
				DEVELOPMENT_TEAM = "";
				INFOPLIST_FILE = FirstWindow/Info.plist;
				LD_RUNPATH_SEARCH_PATHS = (
					"$(inherited)",
					"@executable_path/Frameworks",
				);
				PRODUCT_BUNDLE_IDENTIFIER = jcgaikwad.FirstWindow;
				PRODUCT_NAME = "$(TARGET_NAME)";
				PROVISIONING_PROFILE_SPECIFIER = "";
				TARGETED_DEVICE_FAMILY = 1;
			};
			name = Release;
		};
/* End XCBuildConfiguration section */

/* Begin XCConfigurationList section */
		096E911620F45E9F009D93E8 /* Build configuration list for PBXProject "FirstWindow" */ = {
			isa = XCConfigurationList;
			buildConfigurations = (
				096E912F20F45EA2009D93E8 /* Debug */,
				096E913020F45EA2009D93E8 /* Release */,
			);
			defaultConfigurationIsVisible = 0;
			defaultConfigurationName = Release;
		};
		096E913120F45EA2009D93E8 /* Build configuration list for PBXNativeTarget "FirstWindow" */ = {
			isa = XCConfigurationList;
			buildConfigurations = (
				096E913220F45EA2009D93E8 /* Debug */,
				096E913320F45EA2009D93E8 /* Release */,
			);
			defaultConfigurationIsVisible = 0;
			defaultConfigurationName = Release;
		};
/* End XCConfigurationList section */
	};
	rootObject = 096E911320F45E9F009D93E8 /* Project object */;
}
